// !$*UTF8*$!
{
	archiveVersion = 1;
	classes = {
	};
	objectVersion = 46;
	objects = {

/* Begin PBXBuildFile section */
		5EAE453A1F05C69200A2C8BC /* DragToDismiss.swift in Sources */ = {isa = PBXBuildFile; fileRef = 5EAE45391F05C69200A2C8BC /* DragToDismiss.swift */; };
		5EAE45441F05CDF200A2C8BC /* TableModalViewController.swift in Sources */ = {isa = PBXBuildFile; fileRef = 5EAE45431F05CDF200A2C8BC /* TableModalViewController.swift */; };
		5EB7BF1A1F04DE6400266EDA /* AppDelegate.swift in Sources */ = {isa = PBXBuildFile; fileRef = 5EB7BF191F04DE6400266EDA /* AppDelegate.swift */; };
		5EB7BF1C1F04DE6400266EDA /* ViewController.swift in Sources */ = {isa = PBXBuildFile; fileRef = 5EB7BF1B1F04DE6400266EDA /* ViewController.swift */; };
		5EB7BF1F1F04DE6400266EDA /* Main.storyboard in Resources */ = {isa = PBXBuildFile; fileRef = 5EB7BF1D1F04DE6400266EDA /* Main.storyboard */; };
		5EB7BF211F04DE6400266EDA /* Assets.xcassets in Resources */ = {isa = PBXBuildFile; fileRef = 5EB7BF201F04DE6400266EDA /* Assets.xcassets */; };
		5EB7BF241F04DE6400266EDA /* LaunchScreen.storyboard in Resources */ = {isa = PBXBuildFile; fileRef = 5EB7BF221F04DE6400266EDA /* LaunchScreen.storyboard */; };
		5EB7BF2C1F04DE7F00266EDA /* ModalViewController.swift in Sources */ = {isa = PBXBuildFile; fileRef = 5EB7BF2B1F04DE7F00266EDA /* ModalViewController.swift */; };
		5EB7BF2E1F04E0F300266EDA /* Dismiss Animator.swift in Sources */ = {isa = PBXBuildFile; fileRef = 5EB7BF2D1F04E0F300266EDA /* Dismiss Animator.swift */; };
		5EB7BF301F04E6A900266EDA /* Interactor.swift in Sources */ = {isa = PBXBuildFile; fileRef = 5EB7BF2F1F04E6A900266EDA /* Interactor.swift */; };
/* End PBXBuildFile section */

/* Begin PBXFileReference section */
		5EAE45391F05C69200A2C8BC /* DragToDismiss.swift */ = {isa = PBXFileReference; fileEncoding = 4; lastKnownFileType = sourcecode.swift; path = DragToDismiss.swift; sourceTree = "<group>"; };
		5EAE45431F05CDF200A2C8BC /* TableModalViewController.swift */ = {isa = PBXFileReference; fileEncoding = 4; lastKnownFileType = sourcecode.swift; path = TableModalViewController.swift; sourceTree = "<group>"; };
		5EB7BF161F04DE6400266EDA /* Drag to Dismiss.app */ = {isa = PBXFileReference; explicitFileType = wrapper.application; includeInIndex = 0; path = "Drag to Dismiss.app"; sourceTree = BUILT_PRODUCTS_DIR; };
		5EB7BF191F04DE6400266EDA /* AppDelegate.swift */ = {isa = PBXFileReference; lastKnownFileType = sourcecode.swift; path = AppDelegate.swift; sourceTree = "<group>"; };
		5EB7BF1B1F04DE6400266EDA /* ViewController.swift */ = {isa = PBXFileReference; lastKnownFileType = sourcecode.swift; path = ViewController.swift; sourceTree = "<group>"; };
		5EB7BF1E1F04DE6400266EDA /* Base */ = {isa = PBXFileReference; lastKnownFileType = file.storyboard; name = Base; path = Base.lproj/Main.storyboard; sourceTree = "<group>"; };
		5EB7BF201F04DE6400266EDA /* Assets.xcassets */ = {isa = PBXFileReference; lastKnownFileType = folder.assetcatalog; path = Assets.xcassets; sourceTree = "<group>"; };
		5EB7BF231F04DE6400266EDA /* Base */ = {isa = PBXFileReference; lastKnownFileType = file.storyboard; name = Base; path = Base.lproj/LaunchScreen.storyboard; sourceTree = "<group>"; };
		5EB7BF251F04DE6400266EDA /* Info.plist */ = {isa = PBXFileReference; lastKnownFileType = text.plist.xml; path = Info.plist; sourceTree = "<group>"; };
		5EB7BF2B1F04DE7F00266EDA /* ModalViewController.swift */ = {isa = PBXFileReference; fileEncoding = 4; lastKnownFileType = sourcecode.swift; path = ModalViewController.swift; sourceTree = "<group>"; };
		5EB7BF2D1F04E0F300266EDA /* Dismiss Animator.swift */ = {isa = PBXFileReference; fileEncoding = 4; lastKnownFileType = sourcecode.swift; path = "Dismiss Animator.swift"; sourceTree = "<group>"; };
		5EB7BF2F1F04E6A900266EDA /* Interactor.swift */ = {isa = PBXFileReference; fileEncoding = 4; lastKnownFileType = sourcecode.swift; path = Interactor.swift; sourceTree = "<group>"; };
/* End PBXFileReference section */

/* Begin PBXFrameworksBuildPhase section */
		5EB7BF131F04DE6400266EDA /* Frameworks */ = {
			isa = PBXFrameworksBuildPhase;
			buildActionMask = 2147483647;
			files = (
			);
			runOnlyForDeploymentPostprocessing = 0;
		};
/* End PBXFrameworksBuildPhase section */

/* Begin PBXGroup section */
		5EB7BF0D1F04DE6300266EDA = {
			isa = PBXGroup;
			children = (
				5EB7BF181F04DE6400266EDA /* Drag to Dismiss */,
				5EB7BF171F04DE6400266EDA /* Products */,
			);
			sourceTree = "<group>";
		};
		5EB7BF171F04DE6400266EDA /* Products */ = {
			isa = PBXGroup;
			children = (
				5EB7BF161F04DE6400266EDA /* Drag to Dismiss.app */,
			);
			name = Products;
			sourceTree = "<group>";
		};
		5EB7BF181F04DE6400266EDA /* Drag to Dismiss */ = {
			isa = PBXGroup;
			children = (
				5EB7BF191F04DE6400266EDA /* AppDelegate.swift */,
				5EB7BF1B1F04DE6400266EDA /* ViewController.swift */,
				5EB7BF2D1F04E0F300266EDA /* Dismiss Animator.swift */,
				5EB7BF2F1F04E6A900266EDA /* Interactor.swift */,
				5EB7BF2B1F04DE7F00266EDA /* ModalViewController.swift */,
				5EAE45431F05CDF200A2C8BC /* TableModalViewController.swift */,
				5EAE45391F05C69200A2C8BC /* DragToDismiss.swift */,
				5EB7BF1D1F04DE6400266EDA /* Main.storyboard */,
				5EB7BF201F04DE6400266EDA /* Assets.xcassets */,
				5EB7BF221F04DE6400266EDA /* LaunchScreen.storyboard */,
				5EB7BF251F04DE6400266EDA /* Info.plist */,
			);
			path = "Drag to Dismiss";
			sourceTree = "<group>";
		};
/* End PBXGroup section */

/* Begin PBXNativeTarget section */
		5EB7BF151F04DE6400266EDA /* Drag to Dismiss */ = {
			isa = PBXNativeTarget;
			buildConfigurationList = 5EB7BF281F04DE6400266EDA /* Build configuration list for PBXNativeTarget "Drag to Dismiss" */;
			buildPhases = (
				5EB7BF121F04DE6400266EDA /* Sources */,
				5EB7BF131F04DE6400266EDA /* Frameworks */,
				5EB7BF141F04DE6400266EDA /* Resources */,
			);
			buildRules = (
			);
			dependencies = (
			);
			name = "Drag to Dismiss";
			productName = "Drag to Dismiss";
			productReference = 5EB7BF161F04DE6400266EDA /* Drag to Dismiss.app */;
			productType = "com.apple.product-type.application";
		};
/* End PBXNativeTarget section */

/* Begin PBXProject section */
		5EB7BF0E1F04DE6300266EDA /* Project object */ = {
			isa = PBXProject;
			attributes = {
				LastSwiftUpdateCheck = 0830;
				LastUpgradeCheck = 0830;
				ORGANIZATIONNAME = "Jason Chan";
				TargetAttributes = {
					5EB7BF151F04DE6400266EDA = {
						CreatedOnToolsVersion = 8.3.3;
						DevelopmentTeam = LP4999Q574;
						ProvisioningStyle = Automatic;
					};
				};
			};
			buildConfigurationList = 5EB7BF111F04DE6300266EDA /* Build configuration list for PBXProject "Drag to Dismiss" */;
			compatibilityVersion = "Xcode 3.2";
			developmentRegion = English;
			hasScannedForEncodings = 0;
			knownRegions = (
				en,
				Base,
			);
			mainGroup = 5EB7BF0D1F04DE6300266EDA;
			productRefGroup = 5EB7BF171F04DE6400266EDA /* Products */;
			projectDirPath = "";
			projectRoot = "";
			targets = (
				5EB7BF151F04DE6400266EDA /* Drag to Dismiss */,
			);
		};
/* End PBXProject section */

/* Begin PBXResourcesBuildPhase section */
		5EB7BF141F04DE6400266EDA /* Resources */ = {
			isa = PBXResourcesBuildPhase;
			buildActionMask = 2147483647;
			files = (
				5EB7BF241F04DE6400266EDA /* LaunchScreen.storyboard in Resources */,
				5EB7BF211F04DE6400266EDA /* Assets.xcassets in Resources */,
				5EB7BF1F1F04DE6400266EDA /* Main.storyboard in Resources */,
			);
			runOnlyForDeploymentPostprocessing = 0;
		};
/* End PBXResourcesBuildPhase section */

/* Begin PBXSourcesBuildPhase section */
		5EB7BF121F04DE6400266EDA /* Sources */ = {
			isa = PBXSourcesBuildPhase;
			buildActionMask = 2147483647;
			files = (
				5EB7BF2E1F04E0F300266EDA /* Dismiss Animator.swift in Sources */,
				5EB7BF1C1F04DE6400266EDA /* ViewController.swift in Sources */,
				5EB7BF301F04E6A900266EDA /* Interactor.swift in Sources */,
				5EAE45441F05CDF200A2C8BC /* TableModalViewController.swift in Sources */,
				5EAE453A1F05C69200A2C8BC /* DragToDismiss.swift in Sources */,
				5EB7BF2C1F04DE7F00266EDA /* ModalViewController.swift in Sources */,
				5EB7BF1A1F04DE6400266EDA /* AppDelegate.swift in Sources */,
			);
			runOnlyForDeploymentPostprocessing = 0;
		};
/* End PBXSourcesBuildPhase section */

/* Begin PBXVariantGroup section */
		5EB7BF1D1F04DE6400266EDA /* Main.storyboard */ = {
			isa = PBXVariantGroup;
			children = (
				5EB7BF1E1F04DE6400266EDA /* Base */,
			);
			name = Main.storyboard;
			sourceTree = "<group>";
		};
		5EB7BF221F04DE6400266EDA /* LaunchScreen.storyboard */ = {
			isa = PBXVariantGroup;
			children = (
				5EB7BF231F04DE6400266EDA /* Base */,
			);
			name = LaunchScreen.storyboard;
			sourceTree = "<group>";
		};
/* End PBXVariantGroup section */

/* Begin XCBuildConfiguration section */
		5EB7BF261F04DE6400266EDA /* Debug */ = {
			isa = XCBuildConfiguration;
			buildSettings = {
				ALWAYS_SEARCH_USER_PATHS = NO;
				CLANG_ANALYZER_NONNULL = YES;
				CLANG_ANALYZER_NUMBER_OBJECT_CONVERSION = YES_AGGRESSIVE;
				CLANG_CXX_LANGUAGE_STANDARD = "gnu++0x";
				CLANG_CXX_LIBRARY = "libc++";
				CLANG_ENABLE_MODULES = YES;
				CLANG_ENABLE_OBJC_ARC = YES;
				CLANG_WARN_BOOL_CONVERSION = YES;
				CLANG_WARN_CONSTANT_CONVERSION = YES;
				CLANG_WARN_DIRECT_OBJC_ISA_USAGE = YES_ERROR;
				CLANG_WARN_DOCUMENTATION_COMMENTS = YES;
				CLANG_WARN_EMPTY_BODY = YES;
				CLANG_WARN_ENUM_CONVERSION = YES;
				CLANG_WARN_INFINITE_RECURSION = YES;
				CLANG_WARN_INT_CONVERSION = YES;
				CLANG_WARN_OBJC_ROOT_CLASS = YES_ERROR;
				CLANG_WARN_SUSPICIOUS_MOVE = YES;
				CLANG_WARN_UNREACHABLE_CODE = YES;
				CLANG_WARN__DUPLICATE_METHOD_MATCH = YES;
				"CODE_SIGN_IDENTITY[sdk=iphoneos*]" = "iPhone Developer";
				COPY_PHASE_STRIP = NO;
				DEBUG_INFORMATION_FORMAT = dwarf;
				ENABLE_STRICT_OBJC_MSGSEND = YES;
				ENABLE_TESTABILITY = YES;
				GCC_C_LANGUAGE_STANDARD = gnu99;
				GCC_DYNAMIC_NO_PIC = NO;
				GCC_NO_COMMON_BLOCKS = YES;
				GCC_OPTIMIZATION_LEVEL = 0;
				GCC_PREPROCESSOR_DEFINITIONS = (
					"DEBUG=1",
					"$(inherited)",
				);
				GCC_WARN_64_TO_32_BIT_CONVERSION = YES;
				GCC_WARN_ABOUT_RETURN_TYPE = YES_ERROR;
				GCC_WARN_UNDECLARED_SELECTOR = YES;
				GCC_WARN_UNINITIALIZED_AUTOS = YES_AGGRESSIVE;
				GCC_WARN_UNUSED_FUNCTION = YES;
				GCC_WARN_UNUSED_VARIABLE = YES;
				IPHONEOS_DEPLOYMENT_TARGET = 10.3;
				MTL_ENABLE_DEBUG_INFO = YES;
				ONLY_ACTIVE_ARCH = YES;
				SDKROOT = iphoneos;
				SWIFT_ACTIVE_COMPILATION_CONDITIONS = DEBUG;
				SWIFT_OPTIMIZATION_LEVEL = "-Onone";
				TARGETED_DEVICE_FAMILY = "1,2";
			};
			name = Debug;
		};
		5EB7BF271F04DE6400266EDA /* Release */ = {
			isa = XCBuildConfiguration;
			buildSettings = {
				ALWAYS_SEARCH_USER_PATHS = NO;
				CLANG_ANALYZER_NONNULL = YES;
				CLANG_ANALYZER_NUMBER_OBJECT_CONVERSION = YES_AGGRESSIVE;
				CLANG_CXX_LANGUAGE_STANDARD = "gnu++0x";
				CLANG_CXX_LIBRARY = "libc++";
				CLANG_ENABLE_MODULES = YES;
				CLANG_ENABLE_OBJC_ARC = YES;
				CLANG_WARN_BOOL_CONVERSION = YES;
				CLANG_WARN_CONSTANT_CONVERSION = YES;
				CLANG_WARN_DIRECT_OBJC_ISA_USAGE = YES_ERROR;
				CLANG_WARN_DOCUMENTATION_COMMENTS = YES;
				CLANG_WARN_EMPTY_BODY = YES;
				CLANG_WARN_ENUM_CONVERSION = YES;
				CLANG_WARN_INFINITE_RECURSION = YES;
				CLANG_WARN_INT_CONVERSION = YES;
				CLANG_WARN_OBJC_ROOT_CLASS = YES_ERROR;
				CLANG_WARN_SUSPICIOUS_MOVE = YES;
				CLANG_WARN_UNREACHABLE_CODE = YES;
				CLANG_WARN__DUPLICATE_METHOD_MATCH = YES;
				"CODE_SIGN_IDENTITY[sdk=iphoneos*]" = "iPhone Developer";
				COPY_PHASE_STRIP = NO;
				DEBUG_INFORMATION_FORMAT = "dwarf-with-dsym";
				ENABLE_NS_ASSERTIONS = NO;
				ENABLE_STRICT_OBJC_MSGSEND = YES;
				GCC_C_LANGUAGE_STANDARD = gnu99;
				GCC_NO_COMMON_BLOCKS = YES;
				GCC_WARN_64_TO_32_BIT_CONVERSION = YES;
				GCC_WARN_ABOUT_RETURN_TYPE = YES_ERROR;
				GCC_WARN_UNDECLARED_SELECTOR = YES;
				GCC_WARN_UNINITIALIZED_AUTOS = YES_AGGRESSIVE;
				GCC_WARN_UNUSED_FUNCTION = YES;
				GCC_WARN_UNUSED_VARIABLE = YES;
				IPHONEOS_DEPLOYMENT_TARGET = 10.3;
				MTL_ENABLE_DEBUG_INFO = NO;
				SDKROOT = iphoneos;
				SWIFT_OPTIMIZATION_LEVEL = "-Owholemodule";
				TARGETED_DEVICE_FAMILY = "1,2";
				VALIDATE_PRODUCT = YES;
			};
			name = Release;
		};
		5EB7BF291F04DE6400266EDA /* Debug */ = {
			isa = XCBuildConfiguration;
			buildSettings = {
				ASSETCATALOG_COMPILER_APPICON_NAME = AppIcon;
				DEVELOPMENT_TEAM = LP4999Q574;
				INFOPLIST_FILE = "Drag to Dismiss/Info.plist";
				LD_RUNPATH_SEARCH_PATHS = "$(inherited) @executable_path/Frameworks";
				PRODUCT_BUNDLE_IDENTIFIER = "jasonchan.Drag-to-Dismiss";
				PRODUCT_NAME = "$(TARGET_NAME)";
				SWIFT_VERSION = 3.0;
			};
			name = Debug;
		};
		5EB7BF2A1F04DE6400266EDA /* Release */ = {
			isa = XCBuildConfiguration;
			buildSettings = {
				ASSETCATALOG_COMPILER_APPICON_NAME = AppIcon;
				DEVELOPMENT_TEAM = LP4999Q574;
				INFOPLIST_FILE = "Drag to Dismiss/Info.plist";
				LD_RUNPATH_SEARCH_PATHS = "$(inherited) @executable_path/Frameworks";
				PRODUCT_BUNDLE_IDENTIFIER = "jasonchan.Drag-to-Dismiss";
				PRODUCT_NAME = "$(TARGET_NAME)";
				SWIFT_VERSION = 3.0;
			};
			name = Release;
		};
/* End XCBuildConfiguration section */

/* Begin XCConfigurationList section */
		5EB7BF111F04DE6300266EDA /* Build configuration list for PBXProject "Drag to Dismiss" */ = {
			isa = XCConfigurationList;
			buildConfigurations = (
				5EB7BF261F04DE6400266EDA /* Debug */,
				5EB7BF271F04DE6400266EDA /* Release */,
			);
			defaultConfigurationIsVisible = 0;
			defaultConfigurationName = Release;
		};
		5EB7BF281F04DE6400266EDA /* Build configuration list for PBXNativeTarget "Drag to Dismiss" */ = {
			isa = XCConfigurationList;
			buildConfigurations = (
				5EB7BF291F04DE6400266EDA /* Debug */,
				5EB7BF2A1F04DE6400266EDA /* Release */,
			);
			defaultConfigurationIsVisible = 0;
			defaultConfigurationName = Release;
		};
/* End XCConfigurationList section */
	};
	rootObject = 5EB7BF0E1F04DE6300266EDA /* Project object */;
}
